
Microsoft Visual Studio Solution File, Format Version 12.00
# Visual Studio Version 16
VisualStudioVersion = 16.0.30523.141
MinimumVisualStudioVersion = 10.0.40219.1
Project("{FAE04EC0-301F-11D3-BF4B-00C04F79EFBC}") = "Coffee_Shop", "Coffee_Shop\Coffee_Shop.csproj", "{79598DF0-231A-4E1B-8C9D-A549F46BF443}"
EndProject
Global
	GlobalSection(SolutionConfigurationPlatforms) = preSolution
		Debug|Any CPU = Debug|Any CPU
		Release|Any CPU = Release|Any CPU
	EndGlobalSection
	GlobalSection(ProjectConfigurationPlatforms) = postSolution
		{79598DF0-231A-4E1B-8C9D-A549F46BF443}.Debug|Any CPU.ActiveCfg = Debug|Any CPU
		{79598DF0-231A-4E1B-8C9D-A549F46BF443}.Debug|Any CPU.Build.0 = Debug|Any CPU
		{79598DF0-231A-4E1B-8C9D-A549F46BF443}.Release|Any CPU.ActiveCfg = Release|Any CPU
		{79598DF0-231A-4E1B-8C9D-A549F46BF443}.Release|Any CPU.Build.0 = Release|Any CPU
	EndGlobalSection
	GlobalSection(SolutionProperties) = preSolution
		HideSolutionNode = FALSE
	EndGlobalSection
	GlobalSection(ExtensibilityGlobals) = postSolution
		SolutionGuid = {145D199E-7603-44F1-9E4D-E8F3B3430DCC}
	EndGlobalSection
EndGlobal
